
Microsoft Visual Studio Solution File, Format Version 12.00
# Visual Studio 15
VisualStudioVersion = 15.0.26403.7
MinimumVisualStudioVersion = 10.0.40219.1
Project("{FAE04EC0-301F-11D3-BF4B-00C04F79EFBC}") = "UILayer", "UILayer\UILayer.csproj", "{ED85C9F9-5529-4804-B575-C090C1A71B6F}"
EndProject
Project("{FAE04EC0-301F-11D3-BF4B-00C04F79EFBC}") = "DAL", "DAL\DAL.csproj", "{0597715D-D79B-4A40-8C26-8721CE09ED29}"
EndProject
Project("{FAE04EC0-301F-11D3-BF4B-00C04F79EFBC}") = "BLL", "BLL\BLL.csproj", "{C1E1B032-4793-46DD-AA00-C2C32F168767}"
EndProject
Global
	GlobalSection(SolutionConfigurationPlatforms) = preSolution
		Debug|Any CPU = Debug|Any CPU
		Release|Any CPU = Release|Any CPU
	EndGlobalSection
	GlobalSection(ProjectConfigurationPlatforms) = postSolution
		{ED85C9F9-5529-4804-B575-C090C1A71B6F}.Debug|Any CPU.ActiveCfg = Debug|Any CPU
		{ED85C9F9-5529-4804-B575-C090C1A71B6F}.Debug|Any CPU.Build.0 = Debug|Any CPU
		{ED85C9F9-5529-4804-B575-C090C1A71B6F}.Release|Any CPU.ActiveCfg = Release|Any CPU
		{ED85C9F9-5529-4804-B575-C090C1A71B6F}.Release|Any CPU.Build.0 = Release|Any CPU
		{0597715D-D79B-4A40-8C26-8721CE09ED29}.Debug|Any CPU.ActiveCfg = Debug|Any CPU
		{0597715D-D79B-4A40-8C26-8721CE09ED29}.Debug|Any CPU.Build.0 = Debug|Any CPU
		{0597715D-D79B-4A40-8C26-8721CE09ED29}.Release|Any CPU.ActiveCfg = Release|Any CPU
		{0597715D-D79B-4A40-8C26-8721CE09ED29}.Release|Any CPU.Build.0 = Release|Any CPU
		{C1E1B032-4793-46DD-AA00-C2C32F168767}.Debug|Any CPU.ActiveCfg = Debug|Any CPU
		{C1E1B032-4793-46DD-AA00-C2C32F168767}.Debug|Any CPU.Build.0 = Debug|Any CPU
		{C1E1B032-4793-46DD-AA00-C2C32F168767}.Release|Any CPU.ActiveCfg = Release|Any CPU
		{C1E1B032-4793-46DD-AA00-C2C32F168767}.Release|Any CPU.Build.0 = Release|Any CPU
	EndGlobalSection
	GlobalSection(SolutionProperties) = preSolution
		HideSolutionNode = FALSE
	EndGlobalSection
EndGlobal
